<?xml version="1.0" encoding="utf-8"?>
<Project ToolsVersion="4.0" xmlns="http://schemas.microsoft.com/developer/msbuild/2003">
  <ItemGroup>
    <Filter Include="Headers">
      <UniqueIdentifier>{b34314d8-4c9f-4a7d-ae48-f2f5e3d783b6}</UniqueIdentifier>
    </Filter>
    <Filter Include="Lib">
      <UniqueIdentifier>{983490c7-8486-4c78-9811-71ef005a4f66}</UniqueIdentifier>
    </Filter>
    <Filter Include="Source">
      <UniqueIdentifier>{d27feaa0-3360-469d-90cf-076752a60639}</UniqueIdentifier>
    </Filter>
    <Filter Include="Source\Frameworks">
      <UniqueIdentifier>{d9b5cc46-4cbb-4016-b782-1482a53d13d2}</UniqueIdentifier>
    </Filter>
    <Filter Include="Source\Objects">
      <UniqueIdentifier>{979ac1e9-5fa6-4f26-8237-03f8f9d573a1}</UniqueIdentifier>
    </Filter>
    <Filter Include="Source\Scene">
      <UniqueIdentifier>{b2ae1f5e-0b96-4aa2-ab78-93d2240f2ffa}</UniqueIdentifier>
    </Filter>
    <Filter Include="Source\Utility">
      <UniqueIdentifier>{40a89ec7-a936-4905-86c4-bd1912f2197c}</UniqueIdentifier>
    </Filter>
  </ItemGroup>
  <ItemGroup>
    <ClInclude Include="src\lib\appEnv.hpp">
      <Filter>Headers</Filter>
    </ClInclude>
    <ClInclude Include="src\lib\audio.hpp">
      <Filter>Headers</Filter>
    </ClInclude>
    <ClInclude Include="src\lib\camera2D.hpp">
      <Filter>Headers</Filter>
    </ClInclude>
    <ClInclude Include="src\lib\defines.hpp">
      <Filter>Headers</Filter>
    </ClInclude>
    <ClInclude Include="src\lib\fileUtil.hpp">
      <Filter>Headers</Filter>
    </ClInclude>
    <ClInclude Include="src\lib\font.hpp">
      <Filter>Headers</Filter>
    </ClInclude>
    <ClInclude Include="src\lib\framework.hpp">
      <Filter>Headers</Filter>
    </ClInclude>
    <ClInclude Include="src\lib\gamePad.hpp">
      <Filter>Headers</Filter>
    </ClInclude>
    <ClInclude Include="src\lib\glExt.hpp">
      <Filter>Headers</Filter>
    </ClInclude>
    <ClInclude Include="src\lib\glfwWindow.hpp">
      <Filter>Headers</Filter>
    </ClInclude>
    <ClInclude Include="src\lib\glTexture.hpp">
      <Filter>Headers</Filter>
    </ClInclude>
    <ClInclude Include="src\lib\graph.hpp">
      <Filter>Headers</Filter>
    </ClInclude>
    <ClInclude Include="src\lib\matrix.hpp">
      <Filter>Headers</Filter>
    </ClInclude>
    <ClInclude Include="src\lib\os.hpp">
      <Filter>Headers</Filter>
    </ClInclude>
    <ClInclude Include="src\lib\os_osx.hpp">
      <Filter>Headers</Filter>
    </ClInclude>
    <ClInclude Include="src\lib\os_win.hpp">
      <Filter>Headers</Filter>
    </ClInclude>
    <ClInclude Include="src\lib\png.hpp">
      <Filter>Headers</Filter>
    </ClInclude>
    <ClInclude Include="src\lib\random.hpp">
      <Filter>Headers</Filter>
    </ClInclude>
    <ClInclude Include="src\lib\streaming.hpp">
      <Filter>Headers</Filter>
    </ClInclude>
    <ClInclude Include="src\lib\streamWav.hpp">
      <Filter>Headers</Filter>
    </ClInclude>
    <ClInclude Include="src\lib\texture.hpp">
      <Filter>Headers</Filter>
    </ClInclude>
    <ClInclude Include="src\lib\utils.hpp">
      <Filter>Headers</Filter>
    </ClInclude>
    <ClInclude Include="src\lib\vector.hpp">
      <Filter>Headers</Filter>
    </ClInclude>
    <ClInclude Include="src\lib\wav.hpp">
      <Filter>Headers</Filter>
    </ClInclude>
    <ClInclude Include="src\Scene\sceneManager.h">
      <Filter>Source\Scene</Filter>
    </ClInclude>
    <ClInclude Include="src\Scene\sceneMaker.hpp">
      <Filter>Source\Scene</Filter>
    </ClInclude>
    <ClInclude Include="src\Scene\sceneBase.hpp">
      <Filter>Source\Scene</Filter>
    </ClInclude>
    <ClInclude Include="src\Scene\title.h">
      <Filter>Source\Scene</Filter>
    </ClInclude>
    <ClInclude Include="src\Scene\result.h">
      <Filter>Source\Scene</Filter>
    </ClInclude>
    <ClInclude Include="src\Utility\renderer.h">
      <Filter>Source\Utility</Filter>
    </ClInclude>
    <ClInclude Include="src\Objects\Player.h">
      <Filter>Source\Objects</Filter>
    </ClInclude>
    <ClInclude Include="src\Objects\object.h">
      <Filter>Source\Objects</Filter>
    </ClInclude>
    <ClInclude Include="src\Scene\mainGame.h">
      <Filter>Source\Scene</Filter>
    </ClInclude>
    <ClInclude Include="src\Utility\constants.hpp">
      <Filter>Source\Utility</Filter>
    </ClInclude>
    <ClInclude Include="src\gamePlayer.hpp">
      <Filter>Source\Frameworks</Filter>
    </ClInclude>
    <ClInclude Include="src\engine2d.hpp">
      <Filter>Source\Frameworks</Filter>
    </ClInclude>
    <ClInclude Include="src\Objects\EnemyBase.h">
      <Filter>Source\Objects</Filter>
    </ClInclude>
    <ClInclude Include="src\Objects\EnemyOne.h">
      <Filter>Source\Objects</Filter>
    </ClInclude>
    <ClInclude Include="src\Objects\EnemyTwo.h">
      <Filter>Source\Objects</Filter>
    </ClInclude>
    <ClInclude Include="src\Scene\screenFilter.h">
      <Filter>Source\Scene</Filter>
    </ClInclude>
    <ClInclude Include="src\Objects\Camera.h">
      <Filter>Source\Objects</Filter>
    </ClInclude>
    <ClInclude Include="src\Objects\BackGround.h">
      <Filter>Source\Objects</Filter>
    </ClInclude>
    <ClInclude Include="src\System\asset.h">
      <Filter>Source\Frameworks</Filter>
    </ClInclude>
    <ClInclude Include="src\System\picojson.h">
      <Filter>Source\Frameworks</Filter>
    </ClInclude>
    <ClInclude Include="src\Utility\collision.h">
      <Filter>Source\Utility</Filter>
    </ClInclude>
    <ClInclude Include="src\Objects\StageBlock.h">
      <Filter>Source\Objects</Filter>
    </ClInclude>
  </ItemGroup>
  <ItemGroup>
    <ClCompile Include="src\lib\appEnv.cpp">
      <Filter>Lib</Filter>
    </ClCompile>
    <ClCompile Include="src\lib\audio.cpp">
      <Filter>Lib</Filter>
    </ClCompile>
    <ClCompile Include="src\lib\camera2D.cpp">
      <Filter>Lib</Filter>
    </ClCompile>
    <ClCompile Include="src\lib\fileUtil.cpp">
      <Filter>Lib</Filter>
    </ClCompile>
    <ClCompile Include="src\lib\font.cpp">
      <Filter>Lib</Filter>
    </ClCompile>
    <ClCompile Include="src\lib\gamePad.cpp">
      <Filter>Lib</Filter>
    </ClCompile>
    <ClCompile Include="src\lib\glExt.cpp">
      <Filter>Lib</Filter>
    </ClCompile>
    <ClCompile Include="src\lib\glfwWindow.cpp">
      <Filter>Lib</Filter>
    </ClCompile>
    <ClCompile Include="src\lib\glTexture.cpp">
      <Filter>Lib</Filter>
    </ClCompile>
    <ClCompile Include="src\lib\graph.cpp">
      <Filter>Lib</Filter>
    </ClCompile>
    <ClCompile Include="src\lib\matrix.cpp">
      <Filter>Lib</Filter>
    </ClCompile>
    <ClCompile Include="src\lib\os_osx.cpp">
      <Filter>Lib</Filter>
    </ClCompile>
    <ClCompile Include="src\lib\os_win.cpp">
      <Filter>Lib</Filter>
    </ClCompile>
    <ClCompile Include="src\lib\png.cpp">
      <Filter>Lib</Filter>
    </ClCompile>
    <ClCompile Include="src\lib\random.cpp">
      <Filter>Lib</Filter>
    </ClCompile>
    <ClCompile Include="src\lib\streaming.cpp">
      <Filter>Lib</Filter>
    </ClCompile>
    <ClCompile Include="src\lib\streamWav.cpp">
      <Filter>Lib</Filter>
    </ClCompile>
    <ClCompile Include="src\lib\texture.cpp">
      <Filter>Lib</Filter>
    </ClCompile>
    <ClCompile Include="src\lib\utils.cpp">
      <Filter>Lib</Filter>
    </ClCompile>
    <ClCompile Include="src\lib\wav.cpp">
      <Filter>Lib</Filter>
    </ClCompile>
    <ClCompile Include="src\main.cpp">
      <Filter>Source</Filter>
    </ClCompile>
    <ClCompile Include="src\Scene\sceneManager.cpp">
      <Filter>Source\Scene</Filter>
    </ClCompile>
    <ClCompile Include="src\Scene\title.cpp">
      <Filter>Source\Scene</Filter>
    </ClCompile>
    <ClCompile Include="src\Scene\result.cpp">
      <Filter>Source\Scene</Filter>
    </ClCompile>
    <ClCompile Include="src\Utility\renderer.cpp">
      <Filter>Source\Utility</Filter>
    </ClCompile>
    <ClCompile Include="src\Objects\Player.cpp">
      <Filter>Source\Objects</Filter>
    </ClCompile>
    <ClCompile Include="src\Scene\mainGame.cpp">
      <Filter>Source\Scene</Filter>
    </ClCompile>
    <ClCompile Include="src\System\application.cpp">
      <Filter>Source\Frameworks</Filter>
    </ClCompile>
    <ClCompile Include="src\Objects\EnemyBase.cpp">
      <Filter>Source\Objects</Filter>
    </ClCompile>
    <ClCompile Include="src\Objects\EnemyOne.cpp">
      <Filter>Source\Objects</Filter>
    </ClCompile>
    <ClCompile Include="src\Scene\screenFilter.cpp">
      <Filter>Source\Scene</Filter>
    </ClCompile>
    <ClCompile Include="src\Objects\Camera.cpp">
      <Filter>Source\Objects</Filter>
    </ClCompile>
    <ClCompile Include="src\Objects\BackGround.cpp">
      <Filter>Source\Objects</Filter>
    </ClCompile>
    <ClCompile Include="src\System\asset.cpp">
      <Filter>Source\Frameworks</Filter>
    </ClCompile>
    <ClCompile Include="src\Objects\StageBlock.cpp">
      <Filter>Source\Objects</Filter>
    </ClCompile>
  </ItemGroup>
</Project>